
Microsoft Visual Studio Solution File, Format Version 12.00
# Visual Studio Version 17
VisualStudioVersion = 17.13.35913.81 d17.13
MinimumVisualStudioVersion = 10.0.40219.1
Project("{FAE04EC0-301F-11D3-BF4B-00C04F79EFBC}") = "BCSD Game Beginner CSharp Exercise", "BCSD Game Beginner CSharp Exercise\BCSD Game Beginner CSharp Exercise.csproj", "{C18BC0BC-00B8-4EB2-8B84-4BCCAD531D15}"
EndProject
Global
	GlobalSection(SolutionConfigurationPlatforms) = preSolution
		Debug|Any CPU = Debug|Any CPU
		Release|Any CPU = Release|Any CPU
	EndGlobalSection
	GlobalSection(ProjectConfigurationPlatforms) = postSolution
		{C18BC0BC-00B8-4EB2-8B84-4BCCAD531D15}.Debug|Any CPU.ActiveCfg = Debug|Any CPU
		{C18BC0BC-00B8-4EB2-8B84-4BCCAD531D15}.Debug|Any CPU.Build.0 = Debug|Any CPU
		{C18BC0BC-00B8-4EB2-8B84-4BCCAD531D15}.Release|Any CPU.ActiveCfg = Release|Any CPU
		{C18BC0BC-00B8-4EB2-8B84-4BCCAD531D15}.Release|Any CPU.Build.0 = Release|Any CPU
	EndGlobalSection
	GlobalSection(SolutionProperties) = preSolution
		HideSolutionNode = FALSE
	EndGlobalSection
	GlobalSection(ExtensibilityGlobals) = postSolution
		SolutionGuid = {50894AF7-3BA9-4F11-AF45-E3D69A622B5A}
	EndGlobalSection
EndGlobal
